{
  "version": 1,
  "dependencies": {
    ".NETStandard,Version=v2.1": {
      "BepInEx.Analyzers": {
        "type": "Direct",
        "requested": "[1.0.8, )",
        "resolved": "1.0.8",
        "contentHash": "xrfNmunsPhBx+vStTxLonq/aHkRrDH77c9tG/x3m5eejrKe5B0nf7cJPRRt6x330sGI0bLaPTtygdeHUgvI3wQ=="
      },
      "LethalAPI.GameLibs": {
        "type": "Direct",
        "requested": "[45.1.0, )",
        "resolved": "45.1.0",
        "contentHash": "6Sc+qwfRIxC4/wbGQWpXPvlvLIDDz95M/L7fJ6rz/efOx111r1fw/zxMkKMqmdHai6VS8hE6l8SEWIYU2I6mIg=="
      },
      "Microsoft.CodeAnalysis.NetAnalyzers": {
        "type": "Direct",
        "requested": "[8.0.0, )",
        "resolved": "8.0.0",
        "contentHash": "DxiTgkCl3CGq1rYmBX2wjY7XGbxiBdL4J+/AJIAFLKy5z70NxhnVRnPghnicXZ8oF6JKVXlW3xwznRbI3ioEKg=="
      },
      "PolySharp": {
        "type": "Direct",
        "requested": "[1.14.1, )",
        "resolved": "1.14.1",
        "contentHash": "mOOmFYwad3MIOL14VCjj02LljyF1GNw1wP0YVlxtcPvqdxjGGMNdNJJxHptlry3MOd8b40Flm8RPOM8JOlN2sQ=="
      },
      "lethalcompany.doom.manageddoom": {
        "type": "Project"
      }
    }
  }
}