{
  "version": 1,
  "dependencies": {
    ".NETStandard,Version=v2.1": {
      "BepInEx.Analyzers": {
        "type": "Direct",
        "requested": "[1.0.8, )",
        "resolved": "1.0.8",
        "contentHash": "xrfNmunsPhBx+vStTxLonq/aHkRrDH77c9tG/x3m5eejrKe5B0nf7cJPRRt6x330sGI0bLaPTtygdeHUgvI3wQ=="
      },
      "LethalCompany.GameLibs.Steam": {
        "type": "Direct",
        "requested": "[*-*, )",
        "resolved": "49.0.0-alpha.1",
        "contentHash": "U1EdpTVBNOVXoVnBZozI869vNcCvwYvom/26pUbJSkHl+2V9X/AmSkkx0zDc78DAhtlhRGVac1oPgvvnmi+Wpg==",
        "dependencies": {
          "Newtonsoft.JSON": "13.0.3",
          "UnityEngine.Modules": "2022.3.9"
        }
      },
      "Microsoft.CodeAnalysis.NetAnalyzers": {
        "type": "Direct",
        "requested": "[8.0.0, )",
        "resolved": "8.0.0",
        "contentHash": "DxiTgkCl3CGq1rYmBX2wjY7XGbxiBdL4J+/AJIAFLKy5z70NxhnVRnPghnicXZ8oF6JKVXlW3xwznRbI3ioEKg=="
      },
      "PolySharp": {
        "type": "Direct",
        "requested": "[1.14.1, )",
        "resolved": "1.14.1",
        "contentHash": "mOOmFYwad3MIOL14VCjj02LljyF1GNw1wP0YVlxtcPvqdxjGGMNdNJJxHptlry3MOd8b40Flm8RPOM8JOlN2sQ=="
      },
      "Newtonsoft.Json": {
        "type": "Transitive",
        "resolved": "13.0.3",
        "contentHash": "HrC5BXdl00IP9zeV+0Z848QWPAoCr9P3bDEZguI+gkLcBKAOxix/tLEAAHC+UvDNPv4a2d18lOReHMOagPa+zQ=="
      },
      "UnityEngine.Modules": {
        "type": "Transitive",
        "resolved": "2022.3.9",
        "contentHash": "sSxqZjd05U0NWlX+eappdlsEuXFvDRHkUaClDVTocGRzCmIwNvgGJIPh22lGklIpNZ3cJZneYJkIUnEIazR8VA=="
      },
      "lethalcompany.doom.manageddoom": {
        "type": "Project"
      }
    }
  }
}